
Microsoft Visual Studio Solution File, Format Version 12.00
# Visual Studio Version 17
VisualStudioVersion = 17.4.33110.190
MinimumVisualStudioVersion = 10.0.40219.1
Project("{8BC9CEB8-8B4A-11D0-8D11-00A0C91BC942}") = "Win32PlatformLayer", "Win32PlatformLayer\Win32PlatformLayer.vcxproj", "{4A73A00E-295D-473E-8583-008BF3D643E6}"
EndProject
Project("{8BC9CEB8-8B4A-11D0-8D11-00A0C91BC942}") = "GameLibrary", "GameLibrary\GameLibrary.vcxproj", "{6D7DF526-CD4C-4574-A120-4B8D11F5196F}"
EndProject
Project("{8BC9CEB8-8B4A-11D0-8D11-00A0C91BC942}") = "GameAssets", "GameAssets\GameAssets.vcxproj", "{88EA5D73-D9FA-468D-93C2-F5CDC81F649C}"
EndProject
Global
	GlobalSection(SolutionConfigurationPlatforms) = preSolution
		Debug|x64 = Debug|x64
		Debug|x86 = Debug|x86
		Release|x64 = Release|x64
		Release|x86 = Release|x86
	EndGlobalSection
	GlobalSection(ProjectConfigurationPlatforms) = postSolution
		{4A73A00E-295D-473E-8583-008BF3D643E6}.Debug|x64.ActiveCfg = Debug|x64
		{4A73A00E-295D-473E-8583-008BF3D643E6}.Debug|x64.Build.0 = Debug|x64
		{4A73A00E-295D-473E-8583-008BF3D643E6}.Debug|x86.ActiveCfg = Debug|Win32
		{4A73A00E-295D-473E-8583-008BF3D643E6}.Debug|x86.Build.0 = Debug|Win32
		{4A73A00E-295D-473E-8583-008BF3D643E6}.Release|x64.ActiveCfg = Release|x64
		{4A73A00E-295D-473E-8583-008BF3D643E6}.Release|x64.Build.0 = Release|x64
		{4A73A00E-295D-473E-8583-008BF3D643E6}.Release|x86.ActiveCfg = Release|Win32
		{4A73A00E-295D-473E-8583-008BF3D643E6}.Release|x86.Build.0 = Release|Win32
		{6D7DF526-CD4C-4574-A120-4B8D11F5196F}.Debug|x64.ActiveCfg = Debug|x64
		{6D7DF526-CD4C-4574-A120-4B8D11F5196F}.Debug|x64.Build.0 = Debug|x64
		{6D7DF526-CD4C-4574-A120-4B8D11F5196F}.Debug|x86.ActiveCfg = Debug|Win32
		{6D7DF526-CD4C-4574-A120-4B8D11F5196F}.Debug|x86.Build.0 = Debug|Win32
		{6D7DF526-CD4C-4574-A120-4B8D11F5196F}.Release|x64.ActiveCfg = Release|x64
		{6D7DF526-CD4C-4574-A120-4B8D11F5196F}.Release|x64.Build.0 = Release|x64
		{6D7DF526-CD4C-4574-A120-4B8D11F5196F}.Release|x86.ActiveCfg = Release|Win32
		{6D7DF526-CD4C-4574-A120-4B8D11F5196F}.Release|x86.Build.0 = Release|Win32
		{88EA5D73-D9FA-468D-93C2-F5CDC81F649C}.Debug|x64.ActiveCfg = Debug|x64
		{88EA5D73-D9FA-468D-93C2-F5CDC81F649C}.Debug|x64.Build.0 = Debug|x64
		{88EA5D73-D9FA-468D-93C2-F5CDC81F649C}.Debug|x86.ActiveCfg = Debug|Win32
		{88EA5D73-D9FA-468D-93C2-F5CDC81F649C}.Debug|x86.Build.0 = Debug|Win32
		{88EA5D73-D9FA-468D-93C2-F5CDC81F649C}.Release|x64.ActiveCfg = Release|x64
		{88EA5D73-D9FA-468D-93C2-F5CDC81F649C}.Release|x64.Build.0 = Release|x64
		{88EA5D73-D9FA-468D-93C2-F5CDC81F649C}.Release|x86.ActiveCfg = Release|Win32
		{88EA5D73-D9FA-468D-93C2-F5CDC81F649C}.Release|x86.Build.0 = Release|Win32
	EndGlobalSection
	GlobalSection(SolutionProperties) = preSolution
		HideSolutionNode = FALSE
	EndGlobalSection
	GlobalSection(ExtensibilityGlobals) = postSolution
		SolutionGuid = {88ED481F-A10F-43CB-84C6-EEEFD4499B59}
	EndGlobalSection
EndGlobal
