<?xml version="1.0" encoding="utf-8"?>
<Project ToolsVersion="4.0" xmlns="http://schemas.microsoft.com/developer/msbuild/2003">
  <ItemGroup>
    <Filter Include="Source Files">
      <UniqueIdentifier>{4FC737F1-C7A5-4376-A066-2A32D752A2FF}</UniqueIdentifier>
      <Extensions>cpp;c;cc;cxx;c++;cppm;ixx;def;odl;idl;hpj;bat;asm;asmx</Extensions>
    </Filter>
    <Filter Include="Header Files">
      <UniqueIdentifier>{93995380-89BD-4b04-88EB-625FBE52EBFB}</UniqueIdentifier>
      <Extensions>h;hh;hpp;hxx;h++;hm;inl;inc;ipp;xsd</Extensions>
    </Filter>
    <Filter Include="Resource Files">
      <UniqueIdentifier>{67DA6AB6-F800-4c08-8B7A-83BB121AAD01}</UniqueIdentifier>
      <Extensions>rc;ico;cur;bmp;dlg;rc2;rct;bin;rgs;gif;jpg;jpeg;jpe;resx;tiff;tif;png;wav;mfcribbon-ms</Extensions>
    </Filter>
    <Filter Include="Resource Files\Bitmaps">
      <UniqueIdentifier>{5f113e91-c9be-4353-9ffa-f7ae493b8d21}</UniqueIdentifier>
    </Filter>
    <Filter Include="Resource Files\Models">
      <UniqueIdentifier>{7b825671-037c-4758-9225-0ad884060f2e}</UniqueIdentifier>
    </Filter>
    <Filter Include="Resource Files\Shaders">
      <UniqueIdentifier>{fb8e0a83-d6ee-4d83-9366-27913fc7a829}</UniqueIdentifier>
    </Filter>
    <Filter Include="Resource Files\Video">
      <UniqueIdentifier>{3b85251c-c89d-40bb-b134-6c6ffc90cc7c}</UniqueIdentifier>
    </Filter>
    <Filter Include="Resource Files\Fonts">
      <UniqueIdentifier>{ef4a34ff-ff55-46b0-84db-6f407fbd0b48}</UniqueIdentifier>
    </Filter>
    <Filter Include="Resource Files\Sounds">
      <UniqueIdentifier>{5cf5992f-6fdc-4c6c-9303-bf629c9df921}</UniqueIdentifier>
    </Filter>
  </ItemGroup>
  <ItemGroup>
    <ClCompile Include="GameAssets.cpp">
      <Filter>Source Files</Filter>
    </ClCompile>
  </ItemGroup>
  <ItemGroup>
    <ClInclude Include="GameAssets.h">
      <Filter>Header Files</Filter>
    </ClInclude>
  </ItemGroup>
  <ItemGroup>
    <None Include="packages.config" />
    <None Include="Assets\Shaders\AntialiasingFragmentShader.frag.glsl">
      <Filter>Resource Files\Shaders</Filter>
    </None>
    <None Include="Assets\Shaders\FramebufferFragmentShader.frag.glsl">
      <Filter>Resource Files\Shaders</Filter>
    </None>
    <None Include="Assets\Shaders\FramebufferVertexShader.vert.glsl">
      <Filter>Resource Files\Shaders</Filter>
    </None>
    <None Include="Assets\Shaders\HeaderShader.h.glsl">
      <Filter>Resource Files\Shaders</Filter>
    </None>
    <None Include="Assets\Shaders\JumpFloodFragmentShader.frag.glsl">
      <Filter>Resource Files\Shaders</Filter>
    </None>
    <None Include="Assets\Shaders\KernelFragmentShader.frag.glsl">
      <Filter>Resource Files\Shaders</Filter>
    </None>
    <None Include="Assets\Shaders\OutlineFragmentShader.frag.glsl">
      <Filter>Resource Files\Shaders</Filter>
    </None>
    <None Include="Assets\Shaders\OutlineInitFragmentShader.frag.glsl">
      <Filter>Resource Files\Shaders</Filter>
    </None>
    <None Include="Assets\Shaders\SingleColorFragmentShader.frag.glsl">
      <Filter>Resource Files\Shaders</Filter>
    </None>
    <None Include="Assets\Shaders\SphereFragmentShader.frag.glsl">
      <Filter>Resource Files\Shaders</Filter>
    </None>
    <None Include="Assets\Shaders\TextureFragmentShader.frag.glsl">
      <Filter>Resource Files\Shaders</Filter>
    </None>
    <None Include="Assets\Shaders\VertexShader.vert.glsl">
      <Filter>Resource Files\Shaders</Filter>
    </None>
    <None Include="Assets\Models\Enemy.mdl">
      <Filter>Resource Files\Models</Filter>
    </None>
  </ItemGroup>
  <ItemGroup>
    <Image Include="Assets\Bitmaps\Background.bmp">
      <Filter>Resource Files\Bitmaps</Filter>
    </Image>
    <Image Include="Assets\Bitmaps\Button.bmp">
      <Filter>Resource Files\Bitmaps</Filter>
    </Image>
    <Image Include="Assets\Bitmaps\ButtonClicked.bmp">
      <Filter>Resource Files\Bitmaps</Filter>
    </Image>
    <Image Include="Assets\Bitmaps\Empty.bmp">
      <Filter>Resource Files\Bitmaps</Filter>
    </Image>
    <Image Include="Assets\Bitmaps\Enemy.bmp">
      <Filter>Resource Files\Bitmaps</Filter>
    </Image>
    <Image Include="Assets\Bitmaps\Player.bmp">
      <Filter>Resource Files\Bitmaps</Filter>
    </Image>
  </ItemGroup>
  <ItemGroup>
    <Media Include="Assets\Sounds\16agosto.wav">
      <Filter>Resource Files\Sounds</Filter>
    </Media>
  </ItemGroup>
</Project>