<?xml version="1.0" encoding="utf-8"?>
<Project ToolsVersion="4.0" xmlns="http://schemas.microsoft.com/developer/msbuild/2003">
  <ItemGroup>
    <Filter Include="Source Files">
      <UniqueIdentifier>{4FC737F1-C7A5-4376-A066-2A32D752A2FF}</UniqueIdentifier>
      <Extensions>cpp;c;cc;cxx;c++;cppm;ixx;def;odl;idl;hpj;bat;asm;asmx</Extensions>
    </Filter>
    <Filter Include="Header Files">
      <UniqueIdentifier>{93995380-89BD-4b04-88EB-625FBE52EBFB}</UniqueIdentifier>
      <Extensions>h;hh;hpp;hxx;h++;hm;inl;inc;ipp;xsd</Extensions>
    </Filter>
    <Filter Include="Resource Files">
      <UniqueIdentifier>{67DA6AB6-F800-4c08-8B7A-83BB121AAD01}</UniqueIdentifier>
      <Extensions>rc;ico;cur;bmp;dlg;rc2;rct;bin;rgs;gif;jpg;jpeg;jpe;resx;tiff;tif;png;wav;mfcribbon-ms</Extensions>
    </Filter>
    <Filter Include="Resource Files\Bitmaps">
      <UniqueIdentifier>{5ef158e7-b0eb-49b6-bc32-d47c6ecd8331}</UniqueIdentifier>
    </Filter>
    <Filter Include="Resource Files\Models">
      <UniqueIdentifier>{2dace1dd-547b-4a45-9bf3-002334bbc418}</UniqueIdentifier>
    </Filter>
    <Filter Include="Resource Files\Shaders">
      <UniqueIdentifier>{7fba10f0-4735-46b1-9a75-c3957b6b41d6}</UniqueIdentifier>
    </Filter>
  </ItemGroup>
  <ItemGroup>
    <None Include="cpp.hint" />
    <None Include="packages.config" />
    <None Include="Assets\Models\Enemy.mdl">
      <Filter>Resource Files\Models</Filter>
    </None>
    <None Include="Assets\Models\Shield.mdl">
      <Filter>Resource Files\Models</Filter>
    </None>
    <None Include="Assets\Models\Sphere.mdl">
      <Filter>Resource Files\Models</Filter>
    </None>
    <None Include="Assets\Models\Sword.mdl">
      <Filter>Resource Files\Models</Filter>
    </None>
    <None Include="Assets\Shaders\TextureFragmentShader.frag.glsl">
      <Filter>Resource Files\Shaders</Filter>
    </None>
    <None Include="Assets\Shaders\HeaderShader.h.glsl">
      <Filter>Resource Files\Shaders</Filter>
    </None>
    <None Include="Assets\Shaders\VertexShader.vert.glsl">
      <Filter>Resource Files\Shaders</Filter>
    </None>
    <None Include="Assets\Shaders\SphereFragmentShader.frag.glsl">
      <Filter>Resource Files\Shaders</Filter>
    </None>
    <None Include="Assets\Shaders\FramebufferFragmentShader.frag.glsl">
      <Filter>Resource Files\Shaders</Filter>
    </None>
    <None Include="Assets\Shaders\FramebufferVertexShader.vert.glsl">
      <Filter>Resource Files\Shaders</Filter>
    </None>
    <None Include="Assets\Shaders\SingleColorFragmentShader.frag.glsl">
      <Filter>Resource Files\Shaders</Filter>
    </None>
    <None Include="Assets\Shaders\OutlineInitFragmentShader.frag.glsl">
      <Filter>Resource Files\Shaders</Filter>
    </None>
    <None Include="Assets\Shaders\JumpFloodFragmentShader.frag.glsl">
      <Filter>Resource Files\Shaders</Filter>
    </None>
    <None Include="Assets\Shaders\OutlineFragmentShader.frag.glsl">
      <Filter>Resource Files\Shaders</Filter>
    </None>
    <None Include="Assets\Shaders\KernelFragmentShader.frag.glsl">
      <Filter>Resource Files\Shaders</Filter>
    </None>
  </ItemGroup>
  <ItemGroup>
    <ClInclude Include="framework.h">
      <Filter>Header Files</Filter>
    </ClInclude>
    <ClInclude Include="GameLibrary.h">
      <Filter>Header Files</Filter>
    </ClInclude>
    <ClInclude Include="pch.h">
      <Filter>Header Files</Filter>
    </ClInclude>
    <ClInclude Include="GameMath.h">
      <Filter>Header Files</Filter>
    </ClInclude>
    <ClInclude Include="GamePlatform.h">
      <Filter>Header Files</Filter>
    </ClInclude>
    <ClInclude Include="render_group.h">
      <Filter>Header Files</Filter>
    </ClInclude>
    <ClInclude Include="Linking\include\ft2build.h">
      <Filter>Header Files</Filter>
    </ClInclude>
    <ClInclude Include="FFMpeg.h">
      <Filter>Header Files</Filter>
    </ClInclude>
    <ClInclude Include="Assets.h">
      <Filter>Header Files</Filter>
    </ClInclude>
  </ItemGroup>
  <ItemGroup>
    <ClCompile Include="GameLibrary.cpp">
      <Filter>Source Files</Filter>
    </ClCompile>
    <ClCompile Include="dllmain.cpp">
      <Filter>Source Files</Filter>
    </ClCompile>
    <ClCompile Include="pch.cpp">
      <Filter>Source Files</Filter>
    </ClCompile>
    <ClCompile Include="FFMpeg.cpp">
      <Filter>Source Files</Filter>
    </ClCompile>
    <ClCompile Include="Assets.cpp">
      <Filter>Source Files</Filter>
    </ClCompile>
  </ItemGroup>
  <ItemGroup>
    <Image Include="Assets\Bitmaps\Enemy.bmp">
      <Filter>Resource Files\Bitmaps</Filter>
    </Image>
    <Image Include="Assets\Bitmaps\Background.bmp">
      <Filter>Resource Files\Bitmaps</Filter>
    </Image>
    <Image Include="Assets\Bitmaps\Button.bmp">
      <Filter>Resource Files\Bitmaps</Filter>
    </Image>
    <Image Include="Assets\Bitmaps\ButtonClicked.bmp">
      <Filter>Resource Files\Bitmaps</Filter>
    </Image>
    <Image Include="Assets\Bitmaps\Player.bmp">
      <Filter>Resource Files\Bitmaps</Filter>
    </Image>
  </ItemGroup>
</Project>